
Microsoft Visual Studio Solution File, Format Version 12.00
# Visual Studio Version 17
VisualStudioVersion = 17.3.32929.385
MinimumVisualStudioVersion = 10.0.40219.1
Project("{FAE04EC0-301F-11D3-BF4B-00C04F79EFBC}") = "Greater Number", "Greater Number\Greater Number.csproj", "{487A91A1-1DC2-4D88-9B70-151174ABD1CD}"
EndProject
Global
	GlobalSection(SolutionConfigurationPlatforms) = preSolution
		Debug|Any CPU = Debug|Any CPU
		Release|Any CPU = Release|Any CPU
	EndGlobalSection
	GlobalSection(ProjectConfigurationPlatforms) = postSolution
		{487A91A1-1DC2-4D88-9B70-151174ABD1CD}.Debug|Any CPU.ActiveCfg = Debug|Any CPU
		{487A91A1-1DC2-4D88-9B70-151174ABD1CD}.Debug|Any CPU.Build.0 = Debug|Any CPU
		{487A91A1-1DC2-4D88-9B70-151174ABD1CD}.Release|Any CPU.ActiveCfg = Release|Any CPU
		{487A91A1-1DC2-4D88-9B70-151174ABD1CD}.Release|Any CPU.Build.0 = Release|Any CPU
	EndGlobalSection
	GlobalSection(SolutionProperties) = preSolution
		HideSolutionNode = FALSE
	EndGlobalSection
	GlobalSection(ExtensibilityGlobals) = postSolution
		SolutionGuid = {C5953AD7-5202-45CE-848A-33EF2325A51C}
	EndGlobalSection
EndGlobal
